// !$*UTF8*$!
{
	archiveVersion = 1;
	classes = {
	};
	objectVersion = 56;
	objects = {

/* Begin PBXBuildFile section */
		280F25B52B585A87007018DD /* AppDelegate.swift in Sources */ = {isa = PBXBuildFile; fileRef = 280F25B42B585A87007018DD /* AppDelegate.swift */; };
		280F25B72B585A87007018DD /* SceneDelegate.swift in Sources */ = {isa = PBXBuildFile; fileRef = 280F25B62B585A87007018DD /* SceneDelegate.swift */; };
		280F25B92B585A87007018DD /* NFHomeViewController.swift in Sources */ = {isa = PBXBuildFile; fileRef = 280F25B82B585A87007018DD /* NFHomeViewController.swift */; };
		280F25BE2B585A89007018DD /* Assets.xcassets in Resources */ = {isa = PBXBuildFile; fileRef = 280F25BD2B585A89007018DD /* Assets.xcassets */; };
		280F25C12B585A89007018DD /* LaunchScreen.storyboard in Resources */ = {isa = PBXBuildFile; fileRef = 280F25BF2B585A89007018DD /* LaunchScreen.storyboard */; };
		280F25CF2B585D03007018DD /* NFTabbarViewController.swift in Sources */ = {isa = PBXBuildFile; fileRef = 280F25CE2B585D03007018DD /* NFTabbarViewController.swift */; };
		280F25D12B585D78007018DD /* NFNewAndHotViewController.swift in Sources */ = {isa = PBXBuildFile; fileRef = 280F25D02B585D78007018DD /* NFNewAndHotViewController.swift */; };
		280F25D32B585D9A007018DD /* NFMyNetflixViewController.swift in Sources */ = {isa = PBXBuildFile; fileRef = 280F25D22B585D9A007018DD /* NFMyNetflixViewController.swift */; };
		280F25D62B585F5F007018DD /* Extensions.swift in Sources */ = {isa = PBXBuildFile; fileRef = 280F25D52B585F5F007018DD /* Extensions.swift */; };
		280F25DA2B58631E007018DD /* NFHomeViewHeaderView.swift in Sources */ = {isa = PBXBuildFile; fileRef = 280F25D92B58631E007018DD /* NFHomeViewHeaderView.swift */; };
		280F25DC2B587551007018DD /* NFHomeViewViewModel.swift in Sources */ = {isa = PBXBuildFile; fileRef = 280F25DB2B587551007018DD /* NFHomeViewViewModel.swift */; };
		280F25DE2B587885007018DD /* NFNewAndHotTableViewCell.swift in Sources */ = {isa = PBXBuildFile; fileRef = 280F25DD2B587884007018DD /* NFNewAndHotTableViewCell.swift */; };
		280F25E02B58804A007018DD /* NFNewAndHotViewModel.swift in Sources */ = {isa = PBXBuildFile; fileRef = 280F25DF2B58804A007018DD /* NFNewAndHotViewModel.swift */; };
		287A70182B59DA4500FC7247 /* NFService.swift in Sources */ = {isa = PBXBuildFile; fileRef = 287A70172B59DA4500FC7247 /* NFService.swift */; };
		287A701C2B59DB8400FC7247 /* NFMovieModel.swift in Sources */ = {isa = PBXBuildFile; fileRef = 287A701B2B59DB8400FC7247 /* NFMovieModel.swift */; };
		287A701E2B59DBF900FC7247 /* NFResponseNewAndHotMovie.swift in Sources */ = {isa = PBXBuildFile; fileRef = 287A701D2B59DBF900FC7247 /* NFResponseNewAndHotMovie.swift */; };
		287A70202B59DC9000FC7247 /* NFRequest.swift in Sources */ = {isa = PBXBuildFile; fileRef = 287A701F2B59DC9000FC7247 /* NFRequest.swift */; };
		28A037452B5AD745000B0FBE /* NFImageService.swift in Sources */ = {isa = PBXBuildFile; fileRef = 28A037442B5AD745000B0FBE /* NFImageService.swift */; };
		28A0374B2B5B13C5000B0FBE /* CustomButton.swift in Sources */ = {isa = PBXBuildFile; fileRef = 28A0374A2B5B13C5000B0FBE /* CustomButton.swift */; };
/* End PBXBuildFile section */

/* Begin PBXFileReference section */
		280F25B12B585A87007018DD /* NetflixCloneApp.app */ = {isa = PBXFileReference; explicitFileType = wrapper.application; includeInIndex = 0; path = NetflixCloneApp.app; sourceTree = BUILT_PRODUCTS_DIR; };
		280F25B42B585A87007018DD /* AppDelegate.swift */ = {isa = PBXFileReference; lastKnownFileType = sourcecode.swift; path = AppDelegate.swift; sourceTree = "<group>"; };
		280F25B62B585A87007018DD /* SceneDelegate.swift */ = {isa = PBXFileReference; lastKnownFileType = sourcecode.swift; path = SceneDelegate.swift; sourceTree = "<group>"; };
		280F25B82B585A87007018DD /* NFHomeViewController.swift */ = {isa = PBXFileReference; lastKnownFileType = sourcecode.swift; path = NFHomeViewController.swift; sourceTree = "<group>"; };
		280F25BD2B585A89007018DD /* Assets.xcassets */ = {isa = PBXFileReference; lastKnownFileType = folder.assetcatalog; path = Assets.xcassets; sourceTree = "<group>"; };
		280F25C02B585A89007018DD /* Base */ = {isa = PBXFileReference; lastKnownFileType = file.storyboard; name = Base; path = Base.lproj/LaunchScreen.storyboard; sourceTree = "<group>"; };
		280F25C22B585A89007018DD /* Info.plist */ = {isa = PBXFileReference; lastKnownFileType = text.plist.xml; path = Info.plist; sourceTree = "<group>"; };
		280F25CE2B585D03007018DD /* NFTabbarViewController.swift */ = {isa = PBXFileReference; lastKnownFileType = sourcecode.swift; path = NFTabbarViewController.swift; sourceTree = "<group>"; };
		280F25D02B585D78007018DD /* NFNewAndHotViewController.swift */ = {isa = PBXFileReference; lastKnownFileType = sourcecode.swift; path = NFNewAndHotViewController.swift; sourceTree = "<group>"; };
		280F25D22B585D9A007018DD /* NFMyNetflixViewController.swift */ = {isa = PBXFileReference; lastKnownFileType = sourcecode.swift; path = NFMyNetflixViewController.swift; sourceTree = "<group>"; };
		280F25D52B585F5F007018DD /* Extensions.swift */ = {isa = PBXFileReference; lastKnownFileType = sourcecode.swift; path = Extensions.swift; sourceTree = "<group>"; };
		280F25D92B58631E007018DD /* NFHomeViewHeaderView.swift */ = {isa = PBXFileReference; lastKnownFileType = sourcecode.swift; path = NFHomeViewHeaderView.swift; sourceTree = "<group>"; };
		280F25DB2B587551007018DD /* NFHomeViewViewModel.swift */ = {isa = PBXFileReference; lastKnownFileType = sourcecode.swift; path = NFHomeViewViewModel.swift; sourceTree = "<group>"; };
		280F25DD2B587884007018DD /* NFNewAndHotTableViewCell.swift */ = {isa = PBXFileReference; lastKnownFileType = sourcecode.swift; path = NFNewAndHotTableViewCell.swift; sourceTree = "<group>"; };
		280F25DF2B58804A007018DD /* NFNewAndHotViewModel.swift */ = {isa = PBXFileReference; lastKnownFileType = sourcecode.swift; path = NFNewAndHotViewModel.swift; sourceTree = "<group>"; };
		287A70172B59DA4500FC7247 /* NFService.swift */ = {isa = PBXFileReference; lastKnownFileType = sourcecode.swift; path = NFService.swift; sourceTree = "<group>"; };
		287A701B2B59DB8400FC7247 /* NFMovieModel.swift */ = {isa = PBXFileReference; lastKnownFileType = sourcecode.swift; path = NFMovieModel.swift; sourceTree = "<group>"; };
		287A701D2B59DBF900FC7247 /* NFResponseNewAndHotMovie.swift */ = {isa = PBXFileReference; lastKnownFileType = sourcecode.swift; path = NFResponseNewAndHotMovie.swift; sourceTree = "<group>"; };
		287A701F2B59DC9000FC7247 /* NFRequest.swift */ = {isa = PBXFileReference; lastKnownFileType = sourcecode.swift; path = NFRequest.swift; sourceTree = "<group>"; };
		28A037442B5AD745000B0FBE /* NFImageService.swift */ = {isa = PBXFileReference; lastKnownFileType = sourcecode.swift; path = NFImageService.swift; sourceTree = "<group>"; };
		28A0374A2B5B13C5000B0FBE /* CustomButton.swift */ = {isa = PBXFileReference; lastKnownFileType = sourcecode.swift; path = CustomButton.swift; sourceTree = "<group>"; };
/* End PBXFileReference section */

/* Begin PBXFrameworksBuildPhase section */
		280F25AE2B585A87007018DD /* Frameworks */ = {
			isa = PBXFrameworksBuildPhase;
			buildActionMask = 2147483647;
			files = (
			);
			runOnlyForDeploymentPostprocessing = 0;
		};
/* End PBXFrameworksBuildPhase section */

/* Begin PBXGroup section */
		280F25A82B585A87007018DD = {
			isa = PBXGroup;
			children = (
				280F25B32B585A87007018DD /* NetflixCloneApp */,
				280F25B22B585A87007018DD /* Products */,
			);
			sourceTree = "<group>";
		};
		280F25B22B585A87007018DD /* Products */ = {
			isa = PBXGroup;
			children = (
				280F25B12B585A87007018DD /* NetflixCloneApp.app */,
			);
			name = Products;
			sourceTree = "<group>";
		};
		280F25B32B585A87007018DD /* NetflixCloneApp */ = {
			isa = PBXGroup;
			children = (
				280F25C82B585AA2007018DD /* Resources */,
				280F25D42B585F4E007018DD /* Utils */,
				280F25CD2B585B67007018DD /* APIClient */,
				280F25C92B585AC1007018DD /* Model */,
				280F25CA2B585AC6007018DD /* ViewModel */,
				280F25CB2B585ACD007018DD /* View */,
				280F25CC2B585AD1007018DD /* Controllers */,
				280F25C22B585A89007018DD /* Info.plist */,
			);
			path = NetflixCloneApp;
			sourceTree = "<group>";
		};
		280F25C82B585AA2007018DD /* Resources */ = {
			isa = PBXGroup;
			children = (
				280F25B42B585A87007018DD /* AppDelegate.swift */,
				280F25B62B585A87007018DD /* SceneDelegate.swift */,
				280F25BD2B585A89007018DD /* Assets.xcassets */,
				280F25BF2B585A89007018DD /* LaunchScreen.storyboard */,
			);
			path = Resources;
			sourceTree = "<group>";
		};
		280F25C92B585AC1007018DD /* Model */ = {
			isa = PBXGroup;
			children = (
				287A701A2B59DB5100FC7247 /* Response */,
				287A70192B59DB4500FC7247 /* Data */,
			);
			path = Model;
			sourceTree = "<group>";
		};
		280F25CA2B585AC6007018DD /* ViewModel */ = {
			isa = PBXGroup;
			children = (
				280F25DB2B587551007018DD /* NFHomeViewViewModel.swift */,
				280F25DF2B58804A007018DD /* NFNewAndHotViewModel.swift */,
			);
			path = ViewModel;
			sourceTree = "<group>";
		};
		280F25CB2B585ACD007018DD /* View */ = {
			isa = PBXGroup;
			children = (
				280F25D92B58631E007018DD /* NFHomeViewHeaderView.swift */,
				280F25DD2B587884007018DD /* NFNewAndHotTableViewCell.swift */,
			);
			path = View;
			sourceTree = "<group>";
		};
		280F25CC2B585AD1007018DD /* Controllers */ = {
			isa = PBXGroup;
			children = (
				280F25CE2B585D03007018DD /* NFTabbarViewController.swift */,
				280F25D02B585D78007018DD /* NFNewAndHotViewController.swift */,
				280F25B82B585A87007018DD /* NFHomeViewController.swift */,
				280F25D22B585D9A007018DD /* NFMyNetflixViewController.swift */,
			);
			path = Controllers;
			sourceTree = "<group>";
		};
		280F25CD2B585B67007018DD /* APIClient */ = {
			isa = PBXGroup;
			children = (
				287A70172B59DA4500FC7247 /* NFService.swift */,
				287A701F2B59DC9000FC7247 /* NFRequest.swift */,
				28A037442B5AD745000B0FBE /* NFImageService.swift */,
			);
			path = APIClient;
			sourceTree = "<group>";
		};
		280F25D42B585F4E007018DD /* Utils */ = {
			isa = PBXGroup;
			children = (
				287A700E2B59C73100FC7247 /* Extensions */,
				287A700B2B59C62D00FC7247 /* CustomButton */,
			);
			path = Utils;
			sourceTree = "<group>";
		};
		287A700B2B59C62D00FC7247 /* CustomButton */ = {
			isa = PBXGroup;
			children = (
				28A0374A2B5B13C5000B0FBE /* CustomButton.swift */,
			);
			path = CustomButton;
			sourceTree = "<group>";
		};
		287A700E2B59C73100FC7247 /* Extensions */ = {
			isa = PBXGroup;
			children = (
				280F25D52B585F5F007018DD /* Extensions.swift */,
			);
			path = Extensions;
			sourceTree = "<group>";
		};
		287A70192B59DB4500FC7247 /* Data */ = {
			isa = PBXGroup;
			children = (
				287A701B2B59DB8400FC7247 /* NFMovieModel.swift */,
			);
			path = Data;
			sourceTree = "<group>";
		};
		287A701A2B59DB5100FC7247 /* Response */ = {
			isa = PBXGroup;
			children = (
				287A701D2B59DBF900FC7247 /* NFResponseNewAndHotMovie.swift */,
			);
			path = Response;
			sourceTree = "<group>";
		};
/* End PBXGroup section */

/* Begin PBXNativeTarget section */
		280F25B02B585A87007018DD /* NetflixCloneApp */ = {
			isa = PBXNativeTarget;
			buildConfigurationList = 280F25C52B585A89007018DD /* Build configuration list for PBXNativeTarget "NetflixCloneApp" */;
			buildPhases = (
				280F25AD2B585A87007018DD /* Sources */,
				280F25AE2B585A87007018DD /* Frameworks */,
				280F25AF2B585A87007018DD /* Resources */,
			);
			buildRules = (
			);
			dependencies = (
			);
			name = NetflixCloneApp;
			productName = NetflixCloneApp;
			productReference = 280F25B12B585A87007018DD /* NetflixCloneApp.app */;
			productType = "com.apple.product-type.application";
		};
/* End PBXNativeTarget section */

/* Begin PBXProject section */
		280F25A92B585A87007018DD /* Project object */ = {
			isa = PBXProject;
			attributes = {
				BuildIndependentTargetsInParallel = 1;
				LastSwiftUpdateCheck = 1500;
				LastUpgradeCheck = 1500;
				TargetAttributes = {
					280F25B02B585A87007018DD = {
						CreatedOnToolsVersion = 15.0.1;
					};
				};
			};
			buildConfigurationList = 280F25AC2B585A87007018DD /* Build configuration list for PBXProject "NetflixCloneApp" */;
			compatibilityVersion = "Xcode 14.0";
			developmentRegion = en;
			hasScannedForEncodings = 0;
			knownRegions = (
				en,
				Base,
			);
			mainGroup = 280F25A82B585A87007018DD;
			productRefGroup = 280F25B22B585A87007018DD /* Products */;
			projectDirPath = "";
			projectRoot = "";
			targets = (
				280F25B02B585A87007018DD /* NetflixCloneApp */,
			);
		};
/* End PBXProject section */

/* Begin PBXResourcesBuildPhase section */
		280F25AF2B585A87007018DD /* Resources */ = {
			isa = PBXResourcesBuildPhase;
			buildActionMask = 2147483647;
			files = (
				280F25C12B585A89007018DD /* LaunchScreen.storyboard in Resources */,
				280F25BE2B585A89007018DD /* Assets.xcassets in Resources */,
			);
			runOnlyForDeploymentPostprocessing = 0;
		};
/* End PBXResourcesBuildPhase section */

/* Begin PBXSourcesBuildPhase section */
		280F25AD2B585A87007018DD /* Sources */ = {
			isa = PBXSourcesBuildPhase;
			buildActionMask = 2147483647;
			files = (
				280F25B92B585A87007018DD /* NFHomeViewController.swift in Sources */,
				280F25E02B58804A007018DD /* NFNewAndHotViewModel.swift in Sources */,
				280F25B52B585A87007018DD /* AppDelegate.swift in Sources */,
				287A70202B59DC9000FC7247 /* NFRequest.swift in Sources */,
				280F25DA2B58631E007018DD /* NFHomeViewHeaderView.swift in Sources */,
				280F25CF2B585D03007018DD /* NFTabbarViewController.swift in Sources */,
				280F25DE2B587885007018DD /* NFNewAndHotTableViewCell.swift in Sources */,
				280F25DC2B587551007018DD /* NFHomeViewViewModel.swift in Sources */,
				287A70182B59DA4500FC7247 /* NFService.swift in Sources */,
				280F25D12B585D78007018DD /* NFNewAndHotViewController.swift in Sources */,
				28A037452B5AD745000B0FBE /* NFImageService.swift in Sources */,
				287A701E2B59DBF900FC7247 /* NFResponseNewAndHotMovie.swift in Sources */,
				280F25B72B585A87007018DD /* SceneDelegate.swift in Sources */,
				28A0374B2B5B13C5000B0FBE /* CustomButton.swift in Sources */,
				280F25D32B585D9A007018DD /* NFMyNetflixViewController.swift in Sources */,
				280F25D62B585F5F007018DD /* Extensions.swift in Sources */,
				287A701C2B59DB8400FC7247 /* NFMovieModel.swift in Sources */,
			);
			runOnlyForDeploymentPostprocessing = 0;
		};
/* End PBXSourcesBuildPhase section */

/* Begin PBXVariantGroup section */
		280F25BF2B585A89007018DD /* LaunchScreen.storyboard */ = {
			isa = PBXVariantGroup;
			children = (
				280F25C02B585A89007018DD /* Base */,
			);
			name = LaunchScreen.storyboard;
			sourceTree = "<group>";
		};
/* End PBXVariantGroup section */

/* Begin XCBuildConfiguration section */
		280F25C32B585A89007018DD /* Debug */ = {
			isa = XCBuildConfiguration;
			buildSettings = {
				ALWAYS_SEARCH_USER_PATHS = NO;
				ASSETCATALOG_COMPILER_GENERATE_SWIFT_ASSET_SYMBOL_EXTENSIONS = YES;
				CLANG_ANALYZER_NONNULL = YES;
				CLANG_ANALYZER_NUMBER_OBJECT_CONVERSION = YES_AGGRESSIVE;
				CLANG_CXX_LANGUAGE_STANDARD = "gnu++20";
				CLANG_ENABLE_MODULES = YES;
				CLANG_ENABLE_OBJC_ARC = YES;
				CLANG_ENABLE_OBJC_WEAK = YES;
				CLANG_WARN_BLOCK_CAPTURE_AUTORELEASING = YES;
				CLANG_WARN_BOOL_CONVERSION = YES;
				CLANG_WARN_COMMA = YES;
				CLANG_WARN_CONSTANT_CONVERSION = YES;
				CLANG_WARN_DEPRECATED_OBJC_IMPLEMENTATIONS = YES;
				CLANG_WARN_DIRECT_OBJC_ISA_USAGE = YES_ERROR;
				CLANG_WARN_DOCUMENTATION_COMMENTS = YES;
				CLANG_WARN_EMPTY_BODY = YES;
				CLANG_WARN_ENUM_CONVERSION = YES;
				CLANG_WARN_INFINITE_RECURSION = YES;
				CLANG_WARN_INT_CONVERSION = YES;
				CLANG_WARN_NON_LITERAL_NULL_CONVERSION = YES;
				CLANG_WARN_OBJC_IMPLICIT_RETAIN_SELF = YES;
				CLANG_WARN_OBJC_LITERAL_CONVERSION = YES;
				CLANG_WARN_OBJC_ROOT_CLASS = YES_ERROR;
				CLANG_WARN_QUOTED_INCLUDE_IN_FRAMEWORK_HEADER = YES;
				CLANG_WARN_RANGE_LOOP_ANALYSIS = YES;
				CLANG_WARN_STRICT_PROTOTYPES = YES;
				CLANG_WARN_SUSPICIOUS_MOVE = YES;
				CLANG_WARN_UNGUARDED_AVAILABILITY = YES_AGGRESSIVE;
				CLANG_WARN_UNREACHABLE_CODE = YES;
				CLANG_WARN__DUPLICATE_METHOD_MATCH = YES;
				COPY_PHASE_STRIP = NO;
				DEBUG_INFORMATION_FORMAT = dwarf;
				ENABLE_STRICT_OBJC_MSGSEND = YES;
				ENABLE_TESTABILITY = YES;
				ENABLE_USER_SCRIPT_SANDBOXING = YES;
				GCC_C_LANGUAGE_STANDARD = gnu17;
				GCC_DYNAMIC_NO_PIC = NO;
				GCC_NO_COMMON_BLOCKS = YES;
				GCC_OPTIMIZATION_LEVEL = 0;
				GCC_PREPROCESSOR_DEFINITIONS = (
					"DEBUG=1",
					"$(inherited)",
				);
				GCC_WARN_64_TO_32_BIT_CONVERSION = YES;
				GCC_WARN_ABOUT_RETURN_TYPE = YES_ERROR;
				GCC_WARN_UNDECLARED_SELECTOR = YES;
				GCC_WARN_UNINITIALIZED_AUTOS = YES_AGGRESSIVE;
				GCC_WARN_UNUSED_FUNCTION = YES;
				GCC_WARN_UNUSED_VARIABLE = YES;
				IPHONEOS_DEPLOYMENT_TARGET = 17.0;
				LOCALIZATION_PREFERS_STRING_CATALOGS = YES;
				MTL_ENABLE_DEBUG_INFO = INCLUDE_SOURCE;
				MTL_FAST_MATH = YES;
				ONLY_ACTIVE_ARCH = YES;
				SDKROOT = iphoneos;
				SWIFT_ACTIVE_COMPILATION_CONDITIONS = "DEBUG $(inherited)";
				SWIFT_OPTIMIZATION_LEVEL = "-Onone";
			};
			name = Debug;
		};
		280F25C42B585A89007018DD /* Release */ = {
			isa = XCBuildConfiguration;
			buildSettings = {
				ALWAYS_SEARCH_USER_PATHS = NO;
				ASSETCATALOG_COMPILER_GENERATE_SWIFT_ASSET_SYMBOL_EXTENSIONS = YES;
				CLANG_ANALYZER_NONNULL = YES;
				CLANG_ANALYZER_NUMBER_OBJECT_CONVERSION = YES_AGGRESSIVE;
				CLANG_CXX_LANGUAGE_STANDARD = "gnu++20";
				CLANG_ENABLE_MODULES = YES;
				CLANG_ENABLE_OBJC_ARC = YES;
				CLANG_ENABLE_OBJC_WEAK = YES;
				CLANG_WARN_BLOCK_CAPTURE_AUTORELEASING = YES;
				CLANG_WARN_BOOL_CONVERSION = YES;
				CLANG_WARN_COMMA = YES;
				CLANG_WARN_CONSTANT_CONVERSION = YES;
				CLANG_WARN_DEPRECATED_OBJC_IMPLEMENTATIONS = YES;
				CLANG_WARN_DIRECT_OBJC_ISA_USAGE = YES_ERROR;
				CLANG_WARN_DOCUMENTATION_COMMENTS = YES;
				CLANG_WARN_EMPTY_BODY = YES;
				CLANG_WARN_ENUM_CONVERSION = YES;
				CLANG_WARN_INFINITE_RECURSION = YES;
				CLANG_WARN_INT_CONVERSION = YES;
				CLANG_WARN_NON_LITERAL_NULL_CONVERSION = YES;
				CLANG_WARN_OBJC_IMPLICIT_RETAIN_SELF = YES;
				CLANG_WARN_OBJC_LITERAL_CONVERSION = YES;
				CLANG_WARN_OBJC_ROOT_CLASS = YES_ERROR;
				CLANG_WARN_QUOTED_INCLUDE_IN_FRAMEWORK_HEADER = YES;
				CLANG_WARN_RANGE_LOOP_ANALYSIS = YES;
				CLANG_WARN_STRICT_PROTOTYPES = YES;
				CLANG_WARN_SUSPICIOUS_MOVE = YES;
				CLANG_WARN_UNGUARDED_AVAILABILITY = YES_AGGRESSIVE;
				CLANG_WARN_UNREACHABLE_CODE = YES;
				CLANG_WARN__DUPLICATE_METHOD_MATCH = YES;
				COPY_PHASE_STRIP = NO;
				DEBUG_INFORMATION_FORMAT = "dwarf-with-dsym";
				ENABLE_NS_ASSERTIONS = NO;
				ENABLE_STRICT_OBJC_MSGSEND = YES;
				ENABLE_USER_SCRIPT_SANDBOXING = YES;
				GCC_C_LANGUAGE_STANDARD = gnu17;
				GCC_NO_COMMON_BLOCKS = YES;
				GCC_WARN_64_TO_32_BIT_CONVERSION = YES;
				GCC_WARN_ABOUT_RETURN_TYPE = YES_ERROR;
				GCC_WARN_UNDECLARED_SELECTOR = YES;
				GCC_WARN_UNINITIALIZED_AUTOS = YES_AGGRESSIVE;
				GCC_WARN_UNUSED_FUNCTION = YES;
				GCC_WARN_UNUSED_VARIABLE = YES;
				IPHONEOS_DEPLOYMENT_TARGET = 17.0;
				LOCALIZATION_PREFERS_STRING_CATALOGS = YES;
				MTL_ENABLE_DEBUG_INFO = NO;
				MTL_FAST_MATH = YES;
				SDKROOT = iphoneos;
				SWIFT_COMPILATION_MODE = wholemodule;
				VALIDATE_PRODUCT = YES;
			};
			name = Release;
		};
		280F25C62B585A89007018DD /* Debug */ = {
			isa = XCBuildConfiguration;
			buildSettings = {
				ASSETCATALOG_COMPILER_APPICON_NAME = AppIcon;
				ASSETCATALOG_COMPILER_GLOBAL_ACCENT_COLOR_NAME = AccentColor;
				CODE_SIGN_STYLE = Automatic;
				CURRENT_PROJECT_VERSION = 1;
				DEVELOPMENT_TEAM = 56JF3858ZD;
				GENERATE_INFOPLIST_FILE = YES;
				INFOPLIST_FILE = NetflixCloneApp/Info.plist;
				INFOPLIST_KEY_UIApplicationSupportsIndirectInputEvents = YES;
				INFOPLIST_KEY_UILaunchStoryboardName = LaunchScreen;
				INFOPLIST_KEY_UISupportedInterfaceOrientations_iPad = "UIInterfaceOrientationPortrait UIInterfaceOrientationPortraitUpsideDown UIInterfaceOrientationLandscapeLeft UIInterfaceOrientationLandscapeRight";
				INFOPLIST_KEY_UISupportedInterfaceOrientations_iPhone = "UIInterfaceOrientationPortrait UIInterfaceOrientationLandscapeLeft UIInterfaceOrientationLandscapeRight";
				LD_RUNPATH_SEARCH_PATHS = (
					"$(inherited)",
					"@executable_path/Frameworks",
				);
				MARKETING_VERSION = 1.0;
				PRODUCT_BUNDLE_IDENTIFIER = com.mehmetvural.NetflixCloneApp;
				PRODUCT_NAME = "$(TARGET_NAME)";
				SWIFT_EMIT_LOC_STRINGS = YES;
				SWIFT_VERSION = 5.0;
				TARGETED_DEVICE_FAMILY = "1,2";
			};
			name = Debug;
		};
		280F25C72B585A89007018DD /* Release */ = {
			isa = XCBuildConfiguration;
			buildSettings = {
				ASSETCATALOG_COMPILER_APPICON_NAME = AppIcon;
				ASSETCATALOG_COMPILER_GLOBAL_ACCENT_COLOR_NAME = AccentColor;
				CODE_SIGN_STYLE = Automatic;
				CURRENT_PROJECT_VERSION = 1;
				DEVELOPMENT_TEAM = 56JF3858ZD;
				GENERATE_INFOPLIST_FILE = YES;
				INFOPLIST_FILE = NetflixCloneApp/Info.plist;
				INFOPLIST_KEY_UIApplicationSupportsIndirectInputEvents = YES;
				INFOPLIST_KEY_UILaunchStoryboardName = LaunchScreen;
				INFOPLIST_KEY_UISupportedInterfaceOrientations_iPad = "UIInterfaceOrientationPortrait UIInterfaceOrientationPortraitUpsideDown UIInterfaceOrientationLandscapeLeft UIInterfaceOrientationLandscapeRight";
				INFOPLIST_KEY_UISupportedInterfaceOrientations_iPhone = "UIInterfaceOrientationPortrait UIInterfaceOrientationLandscapeLeft UIInterfaceOrientationLandscapeRight";
				LD_RUNPATH_SEARCH_PATHS = (
					"$(inherited)",
					"@executable_path/Frameworks",
				);
				MARKETING_VERSION = 1.0;
				PRODUCT_BUNDLE_IDENTIFIER = com.mehmetvural.NetflixCloneApp;
				PRODUCT_NAME = "$(TARGET_NAME)";
				SWIFT_EMIT_LOC_STRINGS = YES;
				SWIFT_VERSION = 5.0;
				TARGETED_DEVICE_FAMILY = "1,2";
			};
			name = Release;
		};
/* End XCBuildConfiguration section */

/* Begin XCConfigurationList section */
		280F25AC2B585A87007018DD /* Build configuration list for PBXProject "NetflixCloneApp" */ = {
			isa = XCConfigurationList;
			buildConfigurations = (
				280F25C32B585A89007018DD /* Debug */,
				280F25C42B585A89007018DD /* Release */,
			);
			defaultConfigurationIsVisible = 0;
			defaultConfigurationName = Release;
		};
		280F25C52B585A89007018DD /* Build configuration list for PBXNativeTarget "NetflixCloneApp" */ = {
			isa = XCConfigurationList;
			buildConfigurations = (
				280F25C62B585A89007018DD /* Debug */,
				280F25C72B585A89007018DD /* Release */,
			);
			defaultConfigurationIsVisible = 0;
			defaultConfigurationName = Release;
		};
/* End XCConfigurationList section */
	};
	rootObject = 280F25A92B585A87007018DD /* Project object */;
}
